
Microsoft Visual Studio Solution File, Format Version 12.00
# Visual Studio Version 16
VisualStudioVersion = 16.0.29519.181
MinimumVisualStudioVersion = 10.0.40219.1
Project("{9A19103F-16F7-4668-BE54-9A1E7A4F7556}") = "SimpleRxMVVM", "SimpleRxMVVM\SimpleRxMVVM.csproj", "{6885A661-DD3B-4087-B4CE-57E452A80F2C}"
EndProject
Project("{FAE04EC0-301F-11D3-BF4B-00C04F79EFBC}") = "SimpleRxMVVM.Blazor", "SimpleRxMVVM.Blazor\SimpleRxMVVM.Blazor.csproj", "{C710075F-012E-4369-A853-BACA472C88EE}"
EndProject
Global
	GlobalSection(SolutionConfigurationPlatforms) = preSolution
		Debug|Any CPU = Debug|Any CPU
		Release|Any CPU = Release|Any CPU
	EndGlobalSection
	GlobalSection(ProjectConfigurationPlatforms) = postSolution
		{6885A661-DD3B-4087-B4CE-57E452A80F2C}.Debug|Any CPU.ActiveCfg = Debug|Any CPU
		{6885A661-DD3B-4087-B4CE-57E452A80F2C}.Debug|Any CPU.Build.0 = Debug|Any CPU
		{6885A661-DD3B-4087-B4CE-57E452A80F2C}.Release|Any CPU.ActiveCfg = Release|Any CPU
		{6885A661-DD3B-4087-B4CE-57E452A80F2C}.Release|Any CPU.Build.0 = Release|Any CPU
		{C710075F-012E-4369-A853-BACA472C88EE}.Debug|Any CPU.ActiveCfg = Debug|Any CPU
		{C710075F-012E-4369-A853-BACA472C88EE}.Debug|Any CPU.Build.0 = Debug|Any CPU
		{C710075F-012E-4369-A853-BACA472C88EE}.Release|Any CPU.ActiveCfg = Release|Any CPU
		{C710075F-012E-4369-A853-BACA472C88EE}.Release|Any CPU.Build.0 = Release|Any CPU
	EndGlobalSection
	GlobalSection(SolutionProperties) = preSolution
		HideSolutionNode = FALSE
	EndGlobalSection
	GlobalSection(ExtensibilityGlobals) = postSolution
		SolutionGuid = {E913B1A5-A221-4DB8-AC20-76C8484ACA7D}
	EndGlobalSection
EndGlobal
